
Microsoft Visual Studio Solution File, Format Version 12.00
Project("{FAE04EC0-301F-11D3-BF4B-00C04F79EFBC}") = "first-project", "first-project.csproj", "{11C79156-38BD-4F3A-BE32-6FD7E8903119}"
EndProject
Global
	GlobalSection(SolutionConfigurationPlatforms) = preSolution
		Debug|Any CPU = Debug|Any CPU
		Release|Any CPU = Release|Any CPU
	EndGlobalSection
	GlobalSection(ProjectConfigurationPlatforms) = postSolution
		{11C79156-38BD-4F3A-BE32-6FD7E8903119}.Debug|Any CPU.ActiveCfg = Debug|Any CPU
		{11C79156-38BD-4F3A-BE32-6FD7E8903119}.Debug|Any CPU.Build.0 = Debug|Any CPU
		{11C79156-38BD-4F3A-BE32-6FD7E8903119}.Release|Any CPU.ActiveCfg = Release|Any CPU
		{11C79156-38BD-4F3A-BE32-6FD7E8903119}.Release|Any CPU.Build.0 = Release|Any CPU
	EndGlobalSection
EndGlobal
